PODS:
  - Stateful (2.2.0)
  - Stateful/StatefulUnitTests (2.2.0)

DEPENDENCIES:
  - Stateful (from `../`)
  - Stateful/StatefulUnitTests (from `../`)

EXTERNAL SOURCES:
  Stateful:
    :path: "../"

SPEC CHECKSUMS:
  Stateful: 92e01259d6e0b54af8ee4536ec50430b3d378063

PODFILE CHECKSUM: fdc8f7c66c53952f99654a096c20b117e4b1514d

COCOAPODS: 1.6.1
