PODS:
  - Stateful (2.2.0)
  - Stateful/StatefulUnitTests (2.2.0)

DEPENDENCIES:
  - Stateful (from `../`)
  - Stateful/StatefulUnitTests (from `../`)

EXTERNAL SOURCES:
  Stateful:
    :path: "../"

SPEC CHECKSUMS:
  Stateful: ce712e13549e3bdd717e5e6a549e2d3302998abd

PODFILE CHECKSUM: fdc8f7c66c53952f99654a096c20b117e4b1514d

COCOAPODS: 1.10.0
